
Microsoft Visual Studio Solution File, Format Version 12.00
# Visual Studio Version 17
VisualStudioVersion = 17.0.32112.339
MinimumVisualStudioVersion = 10.0.40219.1
Project("{FAE04EC0-301F-11D3-BF4B-00C04F79EFBC}") = "SnakeTest3", "SnakeTest3\SnakeTest3.csproj", "{B1C28F4C-EB69-4231-A0E3-589B1EF41C18}"
EndProject
Global
	GlobalSection(SolutionConfigurationPlatforms) = preSolution
		Debug|Any CPU = Debug|Any CPU
		Release|Any CPU = Release|Any CPU
	EndGlobalSection
	GlobalSection(ProjectConfigurationPlatforms) = postSolution
		{B1C28F4C-EB69-4231-A0E3-589B1EF41C18}.Debug|Any CPU.ActiveCfg = Debug|Any CPU
		{B1C28F4C-EB69-4231-A0E3-589B1EF41C18}.Debug|Any CPU.Build.0 = Debug|Any CPU
		{B1C28F4C-EB69-4231-A0E3-589B1EF41C18}.Release|Any CPU.ActiveCfg = Release|Any CPU
		{B1C28F4C-EB69-4231-A0E3-589B1EF41C18}.Release|Any CPU.Build.0 = Release|Any CPU
	EndGlobalSection
	GlobalSection(SolutionProperties) = preSolution
		HideSolutionNode = FALSE
	EndGlobalSection
	GlobalSection(ExtensibilityGlobals) = postSolution
		SolutionGuid = {32073AB9-04BD-4DAC-9D0B-65A50BCDFA1E}
	EndGlobalSection
EndGlobal
